# This file was autogenerated by Stack.
# You should not edit this file by hand.
# For more information, please see the documentation at:
#   https://docs.haskellstack.org/en/stable/lock_files

packages:
- completed:
    name: replica
    version: 0.1.0.0
    git: /home/sino/mygithub/replica
    pantry-tree:
      size: 1714
      sha256: 3403025fed718b6737dc0546213091bb7abc40ae2701e6f5939f808d43bae4e2
    commit: 6fe5caf2743f2912b7ae5eb0c13df4f1d5974319
  original:
    git: /home/sino/mygithub/replica
    commit: 6fe5caf2743f2912b7ae5eb0c13df4f1d5974319
- completed:
    subdir: concur-core
    name: concur-core
    version: 0.1.0.0
    git: /home/sino/mygithub/concur
    pantry-tree:
      size: 837
      sha256: 6e7211abf923e5e7a88071cfa3ae2be7d80f0e178c1a67d01dc7e3bb1914489b
    commit: 8d88358b94f07943760ed37e1df8e189ae5b54e5
  original:
    subdir: concur-core
    git: /home/sino/mygithub/concur
    commit: 8d88358b94f07943760ed37e1df8e189ae5b54e5
- completed:
    hackage: hex-text-0.1.0.2@sha256:154df2b81c1dd38b055fa6a90cb6964f60c5cf4a0ba633ea929d8a79af89519a,1301
    pantry-tree:
      size: 368
      sha256: 9271e478d8bdd05760ae5ed86f72f28065e3a942019c79b5a69dc604a4b0e1a8
  original:
    hackage: hex-text-0.1.0.2@sha256:154df2b81c1dd38b055fa6a90cb6964f60c5cf4a0ba633ea929d8a79af89519a,1301
- completed:
    hackage: base16-bytestring-1.0.1.0@sha256:33b9d57afa334d06485033e930c6b13fc760baf88fd8f715ae2f9a4b46e19a54,2641
    pantry-tree:
      size: 595
      sha256: 24661ef9b1089d468227300f8ceb89194b5cce68b9f6ed8109b01f63c07f54e3
  original:
    hackage: base16-bytestring-1.0.1.0@sha256:33b9d57afa334d06485033e930c6b13fc760baf88fd8f715ae2f9a4b46e19a54,2641
snapshots:
- completed:
    size: 558061
    url: https://raw.githubusercontent.com/commercialhaskell/stackage-snapshots/master/nightly/2020/12/14.yaml
    sha256: 0c80697b1db876c0ab31b43e42be53f886657a336eca59c73c361078e631d65b
  original: nightly-2020-12-14
